
Microsoft Visual Studio Solution File, Format Version 12.00
# Visual Studio Version 16
VisualStudioVersion = 16.0.31129.286
MinimumVisualStudioVersion = 10.0.40219.1
Project("{9A19103F-16F7-4668-BE54-9A1E7A4F7556}") = "StatsdClient", "src\StatsdClient\StatsdClient.csproj", "{2CE53BEB-3B63-4F14-9705-E79EA1F9C972}"
EndProject
Project("{9A19103F-16F7-4668-BE54-9A1E7A4F7556}") = "StatsdClient.Tests", "tests\StatsdClient.Tests\StatsdClient.Tests.csproj", "{BBB49491-308B-4A1B-96C7-581D819C97F2}"
EndProject
Project("{FAE04EC0-301F-11D3-BF4B-00C04F79EFBC}") = "StatsdClient.Benchmarks", "benchmarks\StatsdClient.Benchmarks\StatsdClient.Benchmarks.csproj", "{8EB56F06-BF71-433B-88C8-0D91F5E657D2}"
EndProject
Global
	GlobalSection(SolutionConfigurationPlatforms) = preSolution
		Debug|Any CPU = Debug|Any CPU
		Release|Any CPU = Release|Any CPU
	EndGlobalSection
	GlobalSection(ProjectConfigurationPlatforms) = postSolution
		{2CE53BEB-3B63-4F14-9705-E79EA1F9C972}.Debug|Any CPU.ActiveCfg = Debug|Any CPU
		{2CE53BEB-3B63-4F14-9705-E79EA1F9C972}.Debug|Any CPU.Build.0 = Debug|Any CPU
		{2CE53BEB-3B63-4F14-9705-E79EA1F9C972}.Release|Any CPU.ActiveCfg = Release|Any CPU
		{2CE53BEB-3B63-4F14-9705-E79EA1F9C972}.Release|Any CPU.Build.0 = Release|Any CPU
		{BBB49491-308B-4A1B-96C7-581D819C97F2}.Debug|Any CPU.ActiveCfg = Debug|Any CPU
		{BBB49491-308B-4A1B-96C7-581D819C97F2}.Debug|Any CPU.Build.0 = Debug|Any CPU
		{BBB49491-308B-4A1B-96C7-581D819C97F2}.Release|Any CPU.ActiveCfg = Release|Any CPU
		{BBB49491-308B-4A1B-96C7-581D819C97F2}.Release|Any CPU.Build.0 = Release|Any CPU
		{8EB56F06-BF71-433B-88C8-0D91F5E657D2}.Debug|Any CPU.ActiveCfg = Debug|Any CPU
		{8EB56F06-BF71-433B-88C8-0D91F5E657D2}.Debug|Any CPU.Build.0 = Debug|Any CPU
		{8EB56F06-BF71-433B-88C8-0D91F5E657D2}.Release|Any CPU.ActiveCfg = Release|Any CPU
		{8EB56F06-BF71-433B-88C8-0D91F5E657D2}.Release|Any CPU.Build.0 = Release|Any CPU
	EndGlobalSection
	GlobalSection(SolutionProperties) = preSolution
		HideSolutionNode = FALSE
	EndGlobalSection
	GlobalSection(ExtensibilityGlobals) = postSolution
		SolutionGuid = {AEC4DCA6-4E8A-455E-B83A-98B45F7B4390}
	EndGlobalSection
EndGlobal
